{
  "name": "addon_template",
  "version": "1.0.0",
  "lockfileVersion": 3,
  "requires": true,
  "packages": {
    "": {
      "name": "addon_template",
      "version": "1.0.0",
      "license": "ISC",
      "dependencies": {
        "@minecraft/common": "^1.2.0",
        "@minecraft/server": "^1.13.0",
        "@minecraft/server-ui": "^1.2.0",
        "spectral-bedrock-ts-library": "^0.0.7"
      }
    },
    "node_modules/@minecraft/common": {
      "version": "1.2.0",
      "resolved": "https://registry.npmjs.org/@minecraft/common/-/common-1.2.0.tgz",
      "integrity": "sha512-JdmEq4P3Z/FtoBzhLijFgMSVFnFRrUoLwY8DHHrgtFo0mfLTOLTB1RErYjLMsA6b7BGVNxkX/pfFRiH7QZ0XwQ==",
      "license": "MIT"
    },
    "node_modules/@minecraft/server": {
      "version": "1.13.0",
      "resolved": "https://registry.npmjs.org/@minecraft/server/-/server-1.13.0.tgz",
      "integrity": "sha512-LYmYRLjZZ5b+AO2GArQorBBo6Ad18ZmdoK2jx7mmo7Jo/gFXLiSq2xEJuLb5WBXTaBg4rBiersQiAbTj3QjNHQ==",
      "license": "MIT",
      "dependencies": {
        "@minecraft/common": "^1.1.0"
      }
    },
    "node_modules/@minecraft/server-ui": {
      "version": "1.2.0",
      "resolved": "https://registry.npmjs.org/@minecraft/server-ui/-/server-ui-1.2.0.tgz",
      "integrity": "sha512-5TNs9mp7jW1nbcybobL0Kmnc4ioOuadp9ys7hHna1lS0rYT0ssC7Ba6bZc+xb7QhIaVsxtt8ChZwOP+paT44ww==",
      "license": "MIT",
      "dependencies": {
        "@minecraft/common": "^1.0.0",
        "@minecraft/server": "^1.2.0"
      }
    },
    "node_modules/spectral-bedrock-ts-library": {
      "version": "0.0.7",
      "resolved": "https://registry.npmjs.org/spectral-bedrock-ts-library/-/spectral-bedrock-ts-library-0.0.7.tgz",
      "integrity": "sha512-Ha195/F3kMg3Gkpz6CWuaqxrGTK2uwoXyREDA1BWEutbcKnv/+qbwE6yxr64cfbjsPusZcMMUiw7uvwFMYrXlQ==",
      "license": "ISC"
    }
  }
}
